
Microsoft Visual Studio Solution File, Format Version 12.00
# Visual Studio Version 16
VisualStudioVersion = 16.0.32510.428
MinimumVisualStudioVersion = 10.0.40219.1
Project("{8BC9CEB8-8B4A-11D0-8D11-00A0C91BC942}") = "AssemblyJogo", "AssemblyJogo\AssemblyJogo.vcxproj", "{8B964F2F-D934-4DA4-8861-EA25BB85E6C9}"
EndProject
Global
	GlobalSection(SolutionConfigurationPlatforms) = preSolution
		Debug|x64 = Debug|x64
		Debug|x86 = Debug|x86
		Release|x64 = Release|x64
		Release|x86 = Release|x86
	EndGlobalSection
	GlobalSection(ProjectConfigurationPlatforms) = postSolution
		{8B964F2F-D934-4DA4-8861-EA25BB85E6C9}.Debug|x64.ActiveCfg = Debug|x64
		{8B964F2F-D934-4DA4-8861-EA25BB85E6C9}.Debug|x64.Build.0 = Debug|x64
		{8B964F2F-D934-4DA4-8861-EA25BB85E6C9}.Debug|x86.ActiveCfg = Debug|Win32
		{8B964F2F-D934-4DA4-8861-EA25BB85E6C9}.Debug|x86.Build.0 = Debug|Win32
		{8B964F2F-D934-4DA4-8861-EA25BB85E6C9}.Release|x64.ActiveCfg = Release|x64
		{8B964F2F-D934-4DA4-8861-EA25BB85E6C9}.Release|x64.Build.0 = Release|x64
		{8B964F2F-D934-4DA4-8861-EA25BB85E6C9}.Release|x86.ActiveCfg = Release|Win32
		{8B964F2F-D934-4DA4-8861-EA25BB85E6C9}.Release|x86.Build.0 = Release|Win32
	EndGlobalSection
	GlobalSection(SolutionProperties) = preSolution
		HideSolutionNode = FALSE
	EndGlobalSection
	GlobalSection(ExtensibilityGlobals) = postSolution
		SolutionGuid = {2FFF29E0-0122-4F4A-BC82-63660E140F06}
	EndGlobalSection
EndGlobal
